schema: '2.0'
stages:
  predict:
    cmd: uv run pg2-benchmark model predict --dataset-manifest data/supervise/dataset.toml
      --model-manifest data/supervise/model.toml
    deps:
    - path: data/supervise/dataset.toml
      hash: md5
      md5: 5f09c70955cd4a42d1d4543ef3f45e10
      size: 407
    - path: data/supervise/model.toml
      hash: md5
      md5: e332e14d3323147c55b6623e18bd292d
      size: 300
    - path: src/pg2_benchmark/cli/model.py
      hash: md5
      md5: aa03d4963c9981637ade5e91f5ee2440
      size: 1913
    outs:
    - path: data/supervise/output.csv
      hash: md5
      md5: 1b5fa3adc0211caf6fcb4624adb6b588
      size: 34931
  metric:
    cmd: uv run pg2-benchmark metric calculate --output-path data/supervise/output.csv
      --metric-path data/supervise/metric.csv
    deps:
    - path: data/supervise/output.csv
      hash: md5
      md5: 1b5fa3adc0211caf6fcb4624adb6b588
      size: 34931
    - path: src/pg2_benchmark/cli/metric.py
      hash: md5
      md5: 017eb564f8442d911e4abe257f74f2f8
      size: 779
    outs:
    - path: data/supervise/metric.csv
      hash: md5
      md5: 891bbf118ef76a867740e70dcc94cb6c
      size: 1624
  predict@dataset0-model0:
    cmd: uv run pg2-benchmark model predict --dataset-manifest data/supervise/dataset/d1.toml
      --model-manifest data/supervise/model/m1.toml
    deps:
    - path: data/supervise/dataset/d1.toml
      hash: md5
      md5: 5f09c70955cd4a42d1d4543ef3f45e10
      size: 407
    - path: data/supervise/model/m1.toml
      hash: md5
      md5: e332e14d3323147c55b6623e18bd292d
      size: 300
    - path: src/pg2_benchmark/cli/model.py
      hash: md5
      md5: 616cbf192285bf9a92ca54a443f03908
      size: 1952
    outs:
    - path: data/supervise/output/d1_m1.csv
      hash: md5
      md5: c2efe589e3a1402ba3a39c088d260001
      size: 35064
  metric@dataset0-model0:
    cmd: uv run pg2-benchmark metric calculate --output-path data/supervise/output/d1_m1.csv
      --metric-path data/supervise/metric/d1_m1.csv
    deps:
    - path: data/supervise/output/d1_m1.csv
      hash: md5
      md5: c2efe589e3a1402ba3a39c088d260001
      size: 35064
    - path: src/pg2_benchmark/cli/metric.py
      hash: md5
      md5: 017eb564f8442d911e4abe257f74f2f8
      size: 779
    outs:
    - path: data/supervise/metric/d1_m1.csv
      hash: md5
      md5: d68fd57939cae32951f7766afd595323
      size: 1620
  supervise_predict@dataset0-model0:
    cmd: uv run pg2-benchmark model predict --dataset-manifest data/supervise/data/neime.toml
      --model-manifest data/supervise/model/pls.toml --model-dockerfile-folder models/pls
      --model-name pls
    deps:
    - path: data/supervise/data/neime.toml
      hash: md5
      md5: 394178d3ffeda14fdad7a77c88d4c831
      size: 266
    - path: data/supervise/model/pls.toml
      hash: md5
      md5: 1ba832ce9f172fa817e884b71dfae23a
      size: 207
    - path: models/pls
      hash: md5
      md5: ece4621cec0586b6359128e13177b192.dir
      size: 545890037
      nfiles: 17723
    - path: src/pg2_benchmark/cli/model.py
      hash: md5
      md5: 57ebf06741759eb1d8842e2acd7ac8bf
      size: 1666
    outs:
    - path: data/supervise/output/neime_pls.csv
      hash: md5
      md5: d33b3cf9ac1cc31b1a1c004393b5fb3c
      size: 34968
  supervise_metric@dataset0-model0:
    cmd: uv run pg2-benchmark metric calc --output-path data/supervise/output/neime_pls.csv
      --metric-path data/supervise/metric/neime_pls.csv
    deps:
    - path: data/supervise/output/neime_pls.csv
      hash: md5
      md5: d33b3cf9ac1cc31b1a1c004393b5fb3c
      size: 34968
    - path: src/pg2_benchmark/cli/metric.py
      hash: md5
      md5: 2f2a5d08badb89c5d507fa9e2e5bbe2d
      size: 774
    outs:
    - path: data/supervise/metric/neime_pls.csv
      hash: md5
      md5: 0f1ebecfc3f25b76c5db332ad40a6fa5
      size: 1627
  zero_shot_predict@dataset0-model0:
    cmd: uv run pg2-benchmark model predict --dataset-manifest data/zero_shot/data/ranganathan.toml
      --model-manifest data/zero_shot/model/esm.toml --model-dockerfile-folder models/esm
      --model-name esm
    deps:
    - path: data/zero_shot/data/ranganathan.toml
      hash: md5
      md5: ec8bc8dfa7b6415a9b70a417994e306d
      size: 986
    - path: data/zero_shot/model/esm.toml
      hash: md5
      md5: 4bc22345e83be6c9ff13a25f0514e126
      size: 114
    - path: models/esm
      hash: md5
      md5: 49443eace2d40aa273f289cb29a3722d.dir
      size: 756327094
      nfiles: 28269
    - path: src/pg2_benchmark/cli/model.py
      hash: md5
      md5: 57ebf06741759eb1d8842e2acd7ac8bf
      size: 1666
    outs:
    - path: data/zero_shot/output/ranganathan_esm.csv
      hash: md5
      md5: 1fe1b85a84da44e3c0fa1ff7daac0385
      size: 196319
  zero_shot_metric@dataset0-model0:
    cmd: uv run pg2-benchmark metric calc --output-path data/zero_shot/output/ranganathan_esm.csv
      --metric-path data/zero_shot/metric/ranganathan_esm.csv
    deps:
    - path: data/zero_shot/output/ranganathan_esm.csv
      hash: md5
      md5: 1fe1b85a84da44e3c0fa1ff7daac0385
      size: 196319
    - path: src/pg2_benchmark/cli/metric.py
      hash: md5
      md5: 2f2a5d08badb89c5d507fa9e2e5bbe2d
      size: 774
    outs:
    - path: data/zero_shot/metric/ranganathan_esm.csv
      hash: md5
      md5: 4969ac651d461ac62496caf718afadfa
      size: 1588
