schema: '2.0'
stages:
  supervised_predict@dataset0-model0:
    cmd: uv run pg2-benchmark model predict --dataset-manifest data/supervised/data/dummy/charge_ladder.toml
      --model-manifest data/supervised/model/pls.toml --model-dockerfile-folder models/pls
      --model-name pls
    deps:
    - path: data/supervised/data/dummy/charge_ladder.toml
      hash: md5
      md5: 7a63f4476d780d01a1d91c1dd966940f
      size: 207
    - path: data/supervised/model/pls.toml
      hash: md5
      md5: 751569f65bbbc4d796ddc02a70dce809
      size: 185
    - path: models/pls
      hash: md5
      md5: 74c2d0b3e574721e11c4b22037b719d8.dir
      size: 545889182
      nfiles: 17723
    - path: src/pg2_benchmark/cli/model.py
      hash: md5
      md5: 7b69bd48d88f96c7e759334208c24226
      size: 1687
    outs:
    - path: data/supervised/output/charge_ladder_pls.csv
      hash: md5
      md5: dca010d1c1ca1a724578054de62d7bea
      size: 13746
  supervised_metric@dataset0-model0:
    cmd: uv run pg2-benchmark metric calc --output-path data/supervised/output/charge_ladder_pls.csv
      --metric-path data/supervised/metric/charge_ladder_pls.csv
    deps:
    - path: data/supervised/output/charge_ladder_pls.csv
      hash: md5
      md5: dca010d1c1ca1a724578054de62d7bea
      size: 13746
    - path: src/pg2_benchmark/cli/metric.py
      hash: md5
      md5: 2f2a5d08badb89c5d507fa9e2e5bbe2d
      size: 774
    outs:
    - path: data/supervised/metric/charge_ladder_pls.csv
      hash: md5
      md5: d7d5d18894662417a181654d6750bcb7
      size: 1457
  supervised_validate@dataset0-model0:
    cmd:
    - uv run pg2-benchmark model predict --dataset-manifest data/supervised/data/charge/charge_ladder.toml
      --model-manifest data/supervised/model/pls.toml --model-dockerfile-folder models/pls
      --model-name pls
    - uv run pg2-benchmark metric calc --output-path data/supervised/output/charge_pls.csv
      --metric-path data/supervised/metric/charge_pls.csv
    deps:
    - path: data/supervised/data/charge/charge_ladder.toml
      hash: md5
      md5: 76c0d97d284cadba42a0887b3c14f31a
      size: 200
    - path: data/supervised/model/pls.toml
      hash: md5
      md5: 751569f65bbbc4d796ddc02a70dce809
      size: 185
    - path: models/pls
      hash: md5
      md5: 74c2d0b3e574721e11c4b22037b719d8.dir
      size: 545889182
      nfiles: 17723
    - path: src/pg2_benchmark/cli/metric.py
      hash: md5
      md5: 2f2a5d08badb89c5d507fa9e2e5bbe2d
      size: 774
    - path: src/pg2_benchmark/cli/model.py
      hash: md5
      md5: 57ebf06741759eb1d8842e2acd7ac8bf
      size: 1666
    outs:
    - path: data/supervised/metric/charge_pls.csv
      hash: md5
      md5: 410dee44b97f3b0f951e75068fcf3ac0
      size: 1457
    - path: data/supervised/output/charge_pls.csv
      hash: md5
      md5: d0f517efe2d147a0a3cae3d09879e2b0
      size: 13726
  supervised_predict@dataset1-model0:
    cmd: uv run pg2-benchmark model predict --dataset-manifest data/supervised/data/neime/neime.toml
      --model-manifest data/supervised/model/pls.toml --model-dockerfile-folder models/pls
      --model-name pls
    deps:
    - path: data/supervised/data/neime/neime.toml
      hash: md5
      md5: 394178d3ffeda14fdad7a77c88d4c831
      size: 266
    - path: data/supervised/model/pls.toml
      hash: md5
      md5: 751569f65bbbc4d796ddc02a70dce809
      size: 185
    - path: models/pls
      hash: md5
      md5: 74c2d0b3e574721e11c4b22037b719d8.dir
      size: 545889182
      nfiles: 17723
    - path: src/pg2_benchmark/cli/model.py
      hash: md5
      md5: 7b69bd48d88f96c7e759334208c24226
      size: 1687
    outs:
    - path: data/supervised/output/neime_pls.csv
      hash: md5
      md5: 26a15990c3a131d2bec67d6d057c040b
      size: 35082
  supervised_metric@dataset1-model0:
    cmd: uv run pg2-benchmark metric calc --output-path data/supervised/output/neime_pls.csv
      --metric-path data/supervised/metric/neime_pls.csv
    deps:
    - path: data/supervised/output/neime_pls.csv
      hash: md5
      md5: 26a15990c3a131d2bec67d6d057c040b
      size: 35082
    - path: src/pg2_benchmark/cli/metric.py
      hash: md5
      md5: 2f2a5d08badb89c5d507fa9e2e5bbe2d
      size: 774
    outs:
    - path: data/supervised/metric/neime_pls.csv
      hash: md5
      md5: 4e7250dba0d020ff1414d170e1ab4a23
      size: 1625
  zero_shot_predict@dataset0-model0:
    cmd: uv run pg2-benchmark model predict --dataset-manifest data/zero_shot/data/ranganathan/ranganathan.toml
      --model-manifest data/zero_shot/model/esm.toml --model-dockerfile-folder models/esm
      --model-name esm
    deps:
    - path: data/zero_shot/data/ranganathan/ranganathan.toml
      hash: md5
      md5: ec8bc8dfa7b6415a9b70a417994e306d
      size: 986
    - path: data/zero_shot/model/esm.toml
      hash: md5
      md5: 64b3f9c9ca8ca6553bc695a1fba4d974
      size: 111
    - path: models/esm
      hash: md5
      md5: 9add25757ed5085322c240cf1a84f97c.dir
      size: 831052070
      nfiles: 30597
    - path: src/pg2_benchmark/cli/model.py
      hash: md5
      md5: 7b69bd48d88f96c7e759334208c24226
      size: 1687
    outs:
    - path: data/zero_shot/output/ranganathan_esm.csv
      hash: md5
      md5: 1fe1b85a84da44e3c0fa1ff7daac0385
      size: 196319
  zero_shot_metric@dataset0-model0:
    cmd: uv run pg2-benchmark metric calc --output-path data/zero_shot/output/ranganathan_esm.csv
      --metric-path data/zero_shot/metric/ranganathan_esm.csv
    deps:
    - path: data/zero_shot/output/ranganathan_esm.csv
      hash: md5
      md5: 1fe1b85a84da44e3c0fa1ff7daac0385
      size: 196319
    - path: src/pg2_benchmark/cli/metric.py
      hash: md5
      md5: 2f2a5d08badb89c5d507fa9e2e5bbe2d
      size: 774
    outs:
    - path: data/zero_shot/metric/ranganathan_esm.csv
      hash: md5
      md5: 4969ac651d461ac62496caf718afadfa
      size: 1588
