schema: '2.0'
stages:
  supervised_predict@dataset0-model0:
    cmd: uv run pg2-benchmark model predict --dataset-manifest data/dummy/charge_ladder.toml
      --model-manifest model/pls.toml --model-dockerfile-folder ../models/pls --model-name
      pls
    deps:
    - path: ../models/pls
      hash: md5
      md5: b344899594d54b6493151eca1b7a55cc.dir
      size: 545913774
      nfiles: 17727
    - path: ../src/pg2_benchmark/cli/model.py
      hash: md5
      md5: 7b69bd48d88f96c7e759334208c24226
      size: 1687
    - path: data/dummy/charge_ladder.toml
      hash: md5
      md5: 4c4119e8f92050f97396da01c5ba5fba
      size: 248
    - path: model/pls.toml
      hash: md5
      md5: 751569f65bbbc4d796ddc02a70dce809
      size: 185
    outs:
    - path: output/charge_ladder_pls.csv
      hash: md5
      md5: 5f067b476869f7742deceb58d82b219e
      size: 13805
  supervised_predict@dataset1-model0:
    cmd: uv run pg2-benchmark model predict --dataset-manifest data/neime/neime.toml
      --model-manifest model/pls.toml --model-dockerfile-folder ../models/pls --model-name
      pls
    deps:
    - path: ../models/pls
      hash: md5
      md5: b344899594d54b6493151eca1b7a55cc.dir
      size: 545913774
      nfiles: 17727
    - path: ../src/pg2_benchmark/cli/model.py
      hash: md5
      md5: 7b69bd48d88f96c7e759334208c24226
      size: 1687
    - path: data/neime/neime.toml
      hash: md5
      md5: 394178d3ffeda14fdad7a77c88d4c831
      size: 266
    - path: model/pls.toml
      hash: md5
      md5: 751569f65bbbc4d796ddc02a70dce809
      size: 185
    outs:
    - path: output/neime_pls.csv
      hash: md5
      md5: 6a5f0421990b0cd46074054fd2a803fc
      size: 35085
  supervised_metric@dataset0-model0:
    cmd: uv run pg2-benchmark metric calc --output-path output/charge_ladder_pls.csv
      --metric-path metric/charge_ladder_pls.csv
    deps:
    - path: ../src/pg2_benchmark/cli/metric.py
      hash: md5
      md5: 2f2a5d08badb89c5d507fa9e2e5bbe2d
      size: 774
    - path: output/charge_ladder_pls.csv
      hash: md5
      md5: 5f067b476869f7742deceb58d82b219e
      size: 13805
    outs:
    - path: metric/charge_ladder_pls.csv
      hash: md5
      md5: b7b16f18e4d001b6070412b5466b7dc9
      size: 1456
  supervised_metric@dataset1-model0:
    cmd: uv run pg2-benchmark metric calc --output-path output/neime_pls.csv --metric-path
      metric/neime_pls.csv
    deps:
    - path: ../src/pg2_benchmark/cli/metric.py
      hash: md5
      md5: 2f2a5d08badb89c5d507fa9e2e5bbe2d
      size: 774
    - path: output/neime_pls.csv
      hash: md5
      md5: 6a5f0421990b0cd46074054fd2a803fc
      size: 35085
    outs:
    - path: metric/neime_pls.csv
      hash: md5
      md5: a92f7c0b6a9d4199edf4fc33812129dc
      size: 1619
